lockfileVersion: '9.0'

settings:
  autoInstallPeers: true
  excludeLinksFromLockfile: false

importers:

  .:
    dependencies:
      is-even:
        specifier: ^1.0.0
        version: 1.0.0
      zod:
        specifier: ^4.0.15
        version: 4.0.15
    devDependencies:
      '@types/is-even':
        specifier: ^1.0.2
        version: 1.0.2
      typescript:
        specifier: ^5.7.3
        version: 5.9.2

packages:

  '@types/is-even@1.0.2':
    resolution: {integrity: sha512-qXDiw1zrRSrExwuJHRvxr5eGANlWscPwvQw3xURyax0GkY+fSwwei2uy0ReJBF2N0EeniUr+h2iD9e/KQNroaQ==}

  is-buffer@1.1.6:
    resolution: {integrity: sha512-NcdALwpXkTm5Zvvbk7owOUSvVvBKDgKP5/ewfXEznmQFfs4ZRmanOeKBTjRVjka3QFoN6XJ+9F3USqfHqTaU5w==}

  is-even@1.0.0:
    resolution: {integrity: sha512-LEhnkAdJqic4Dbqn58A0y52IXoHWlsueqQkKfMfdEnIYG8A1sm/GHidKkS6yvXlMoRrkM34csHnXQtOqcb+Jzg==}
    engines: {node: '>=0.10.0'}

  is-number@3.0.0:
    resolution: {integrity: sha512-4cboCqIpliH+mAvFNegjZQ4kgKc3ZUhQVr3HvWbSh5q3WH2v82ct+T2Y1hdU5Gdtorx/cLifQjqCbL7bpznLTg==}
    engines: {node: '>=0.10.0'}

  is-odd@0.1.2:
    resolution: {integrity: sha512-Ri7C2K7o5IrUU9UEI8losXJCCD/UtsaIrkR5sxIcFg4xQ9cRJXlWA5DQvTE0yDc0krvSNLsRGXN11UPS6KyfBw==}
    engines: {node: '>=0.10.0'}

  kind-of@3.2.2:
    resolution: {integrity: sha512-NOW9QQXMoZGg/oqnVNoNTTIFEIid1627WCffUBJEdMxYApq7mNE7CpzucIPc+ZQg25Phej7IJSmX3hO+oblOtQ==}
    engines: {node: '>=0.10.0'}

  typescript@5.9.2:
    resolution: {integrity: sha512-CWBzXQrc/qOkhidw1OzBTQuYRbfyxDXJMVJ1XNwUHGROVmuaeiEm3OslpZ1RV96d7SKKjZKrSJu3+t/xlw3R9A==}
    engines: {node: '>=14.17'}
    hasBin: true

  zod@4.0.15:
    resolution: {integrity: sha512-2IVHb9h4Mt6+UXkyMs0XbfICUh1eUrlJJAOupBHUhLRnKkruawyDddYRCs0Eizt900ntIMk9/4RksYl+FgSpcQ==}

snapshots:

  '@types/is-even@1.0.2': {}

  is-buffer@1.1.6: {}

  is-even@1.0.0:
    dependencies:
      is-odd: 0.1.2

  is-number@3.0.0:
    dependencies:
      kind-of: 3.2.2

  is-odd@0.1.2:
    dependencies:
      is-number: 3.0.0

  kind-of@3.2.2:
    dependencies:
      is-buffer: 1.1.6

  typescript@5.9.2: {}

  zod@4.0.15: {}
